{
    "api-platform/api-pack": {
        "version": "dev-master"
    },
    "api-platform/core": {
        "version": "2.1",
        "recipe": {
            "repo": "github.com/symfony/recipes",
            "branch": "master",
            "version": "2.1",
            "ref": "18727d8f229306860b46955f438e1897421da689"
        }
    },
    "cmen/google-charts-bundle": {
        "version": "dev-master"
    },
    "nelmio/cors-bundle": {
        "version": "1.5",
        "recipe": {
            "repo": "github.com/symfony/recipes",
            "branch": "master",
            "version": "1.5",
            "ref": "f0436fc35fca88eada758311f8de43bfb61f1980"
        }
    },
    "survos/landing-bundle": {
        "version": "dev-master"
    },
    "symfony/webpack-encore-bundle": {
        "version": "1.0",
        "recipe": {
            "repo": "github.com/symfony/recipes",
            "branch": "master",
            "version": "1.0",
            "ref": "248c29c070dcd79e8333c676b0c5e284e3b365b5"
        }
    },
    "symfony/workflow": {
        "version": "3.3",
        "recipe": {
            "repo": "github.com/symfony/recipes",
            "branch": "master",
            "version": "3.3",
            "ref": "7c8798612bf94fbe4cb75056a4cd7ea3a9183698"
        }
    },
    "willdurand/negotiation": {
        "version": "2.x-dev"
    },
    "zendframework/zend-eventmanager": {
        "version": "3.2.1"
    }
}
